
Microsoft Visual Studio Solution File, Format Version 12.00
# Visual Studio 15
Project("{FAE04EC0-301F-11D3-BF4B-00C04F79EFBC}") = "Algorithms", "Algorithms\Algorithms.csproj", "{7A8CD575-1B2F-4A43-8EFA-782838CF06B0}"
EndProject
Project("{2150E333-8FDC-42A3-9474-1A3956D46DE8}") = "Solution Items", "Solution Items", "{EE648D07-87C9-4E43-A08D-15167727C7D2}"
	ProjectSection(SolutionItems) = preProject
		README.md = README.md
		LICENSE = LICENSE
		.gitignore = .gitignore
	EndProjectSection
EndProject
Global
	GlobalSection(SolutionConfigurationPlatforms) = preSolution
		Debug|Any CPU = Debug|Any CPU
		Release|Any CPU = Release|Any CPU
	EndGlobalSection
	GlobalSection(ProjectConfigurationPlatforms) = postSolution
		{7A8CD575-1B2F-4A43-8EFA-782838CF06B0}.Debug|Any CPU.ActiveCfg = Debug|Any CPU
		{7A8CD575-1B2F-4A43-8EFA-782838CF06B0}.Debug|Any CPU.Build.0 = Debug|Any CPU
		{7A8CD575-1B2F-4A43-8EFA-782838CF06B0}.Release|Any CPU.ActiveCfg = Release|Any CPU
		{7A8CD575-1B2F-4A43-8EFA-782838CF06B0}.Release|Any CPU.Build.0 = Release|Any CPU
	EndGlobalSection
EndGlobal
